
Microsoft Visual Studio Solution File, Format Version 12.00
# Visual Studio Version 17
VisualStudioVersion = 17.5.002.0
MinimumVisualStudioVersion = 10.0.40219.1
Project("{9A19103F-16F7-4668-BE54-9A1E7A4F7556}") = "DeShawnsDogWalking", "DeShawnsDogWalking.csproj", "{49DEFEE1-A6CE-4408-98D8-A77D93877B8D}"
EndProject
Global
	GlobalSection(SolutionConfigurationPlatforms) = preSolution
		Debug|Any CPU = Debug|Any CPU
		Release|Any CPU = Release|Any CPU
	EndGlobalSection
	GlobalSection(ProjectConfigurationPlatforms) = postSolution
		{49DEFEE1-A6CE-4408-98D8-A77D93877B8D}.Debug|Any CPU.ActiveCfg = Debug|Any CPU
		{49DEFEE1-A6CE-4408-98D8-A77D93877B8D}.Debug|Any CPU.Build.0 = Debug|Any CPU
		{49DEFEE1-A6CE-4408-98D8-A77D93877B8D}.Release|Any CPU.ActiveCfg = Release|Any CPU
		{49DEFEE1-A6CE-4408-98D8-A77D93877B8D}.Release|Any CPU.Build.0 = Release|Any CPU
	EndGlobalSection
	GlobalSection(SolutionProperties) = preSolution
		HideSolutionNode = FALSE
	EndGlobalSection
	GlobalSection(ExtensibilityGlobals) = postSolution
		SolutionGuid = {E20CA9E4-55F6-43F1-B0C7-0C4C2FD40D59}
	EndGlobalSection
EndGlobal
